Microsoft Visual Studio Solution File, Format Version 12.00
# Visual Studio Version 17
VisualStudioVersion = 17.5.2.0
MinimumVisualStudioVersion = 10.0.40219.1
Project("{FAE04EC0-301F-11D3-BF4B-00C04F79EFBC}") = "NeuralNetwork", "NeuralNetwork.csproj", "{FBB15289-CA08-20A6-A516-CF79C3DB2B0C}"
EndProject
Global
	GlobalSection(SolutionConfigurationPlatforms) = preSolution
		Debug|Any CPU = Debug|Any CPU
		Release|Any CPU = Release|Any CPU
	EndGlobalSection
	GlobalSection(ProjectConfigurationPlatforms) = postSolution
		{FBB15289-CA08-20A6-A516-CF79C3DB2B0C}.Debug|Any CPU.ActiveCfg = Debug|Any CPU
		{FBB15289-CA08-20A6-A516-CF79C3DB2B0C}.Debug|Any CPU.Build.0 = Debug|Any CPU
		{FBB15289-CA08-20A6-A516-CF79C3DB2B0C}.Release|Any CPU.ActiveCfg = Release|Any CPU
		{FBB15289-CA08-20A6-A516-CF79C3DB2B0C}.Release|Any CPU.Build.0 = Release|Any CPU
	EndGlobalSection
	GlobalSection(SolutionProperties) = preSolution
		HideSolutionNode = FALSE
	EndGlobalSection
	GlobalSection(ExtensibilityGlobals) = postSolution
		SolutionGuid = {9710A703-92FD-4894-934D-5EBEB91BF195}
	EndGlobalSection
EndGlobal
